
Microsoft Visual Studio Solution File, Format Version 12.00
# Visual Studio Version 17
VisualStudioVersion = 17.7.34009.444
MinimumVisualStudioVersion = 10.0.40219.1
Project("{FAE04EC0-301F-11D3-BF4B-00C04F79EFBC}") = "webapifoto", "webapifoto.csproj", "{049CB718-B0A6-4F74-BB0B-02ABECE9E0D2}"
EndProject
Global
	GlobalSection(SolutionConfigurationPlatforms) = preSolution
		Debug|Any CPU = Debug|Any CPU
		Release|Any CPU = Release|Any CPU
	EndGlobalSection
	GlobalSection(ProjectConfigurationPlatforms) = postSolution
		{049CB718-B0A6-4F74-BB0B-02ABECE9E0D2}.Debug|Any CPU.ActiveCfg = Debug|Any CPU
		{049CB718-B0A6-4F74-BB0B-02ABECE9E0D2}.Debug|Any CPU.Build.0 = Debug|Any CPU
		{049CB718-B0A6-4F74-BB0B-02ABECE9E0D2}.Release|Any CPU.ActiveCfg = Release|Any CPU
		{049CB718-B0A6-4F74-BB0B-02ABECE9E0D2}.Release|Any CPU.Build.0 = Release|Any CPU
	EndGlobalSection
	GlobalSection(SolutionProperties) = preSolution
		HideSolutionNode = FALSE
	EndGlobalSection
	GlobalSection(ExtensibilityGlobals) = postSolution
		SolutionGuid = {98886FC1-1CD6-410F-9DDA-11DA6885FCD9}
	EndGlobalSection
EndGlobal
